
Microsoft Visual Studio Solution File, Format Version 12.00
# Visual Studio Version 17
VisualStudioVersion = 17.14.36310.24
MinimumVisualStudioVersion = 10.0.40219.1
Project("{2150E333-8FDC-42A3-9474-1A3956D46DE8}") = "PresentationLayer", "PresentationLayer", "{02EA681E-C7D8-13C7-8484-4AC65E1B71E8}"
EndProject
Project("{FAE04EC0-301F-11D3-BF4B-00C04F79EFBC}") = "MacVilla_Web", "MacVilla_Web\MacVilla_Web.csproj", "{19EC7AF4-5E26-4CFF-AAFC-2F7650AB8F13}"
EndProject
Global
	GlobalSection(SolutionConfigurationPlatforms) = preSolution
		Debug|Any CPU = Debug|Any CPU
		Release|Any CPU = Release|Any CPU
	EndGlobalSection
	GlobalSection(ProjectConfigurationPlatforms) = postSolution
		{19EC7AF4-5E26-4CFF-AAFC-2F7650AB8F13}.Debug|Any CPU.ActiveCfg = Debug|Any CPU
		{19EC7AF4-5E26-4CFF-AAFC-2F7650AB8F13}.Debug|Any CPU.Build.0 = Debug|Any CPU
		{19EC7AF4-5E26-4CFF-AAFC-2F7650AB8F13}.Release|Any CPU.ActiveCfg = Release|Any CPU
		{19EC7AF4-5E26-4CFF-AAFC-2F7650AB8F13}.Release|Any CPU.Build.0 = Release|Any CPU
	EndGlobalSection
	GlobalSection(SolutionProperties) = preSolution
		HideSolutionNode = FALSE
	EndGlobalSection
	GlobalSection(NestedProjects) = preSolution
		{19EC7AF4-5E26-4CFF-AAFC-2F7650AB8F13} = {02EA681E-C7D8-13C7-8484-4AC65E1B71E8}
	EndGlobalSection
	GlobalSection(ExtensibilityGlobals) = postSolution
		SolutionGuid = {540C1144-7A76-4618-B3DD-B426DF438D8C}
	EndGlobalSection
EndGlobal
