<Solution>
  <Folder Name="/CoreLayer/">
    <Project Path="Application/Application.csproj" />
    <Project Path="Domain/Domain.csproj" />
  </Folder>
  <Folder Name="/InfrastrctureLayer/">
    <Project Path="Infrustucture/Infrustucture.csproj" />
    <Project Path="Persistence/Persistence.csproj" />
  </Folder>
  <Folder Name="/PresentationLayer/">
    <Project Path="Presentation/Presentation.csproj" />
  </Folder>
</Solution>
